
Microsoft Visual Studio Solution File, Format Version 12.00
# Visual Studio Version 17
VisualStudioVersion = 17.4.33213.308
MinimumVisualStudioVersion = 10.0.40219.1
Project("{FAE04EC0-301F-11D3-BF4B-00C04F79EFBC}") = "TestTask", "TestTask\TestTask.csproj", "{026C817F-53F2-4038-AAC8-53A16FA448B1}"
EndProject
Project("{FAE04EC0-301F-11D3-BF4B-00C04F79EFBC}") = "TestingTestTask", "TestingTestTask\TestingTestTask.csproj", "{4226E3C0-C43B-4A02-A6F0-FBD2981622BC}"
EndProject
Global
	GlobalSection(SolutionConfigurationPlatforms) = preSolution
		Debug|Any CPU = Debug|Any CPU
		Release|Any CPU = Release|Any CPU
	EndGlobalSection
	GlobalSection(ProjectConfigurationPlatforms) = postSolution
		{026C817F-53F2-4038-AAC8-53A16FA448B1}.Debug|Any CPU.ActiveCfg = Debug|Any CPU
		{026C817F-53F2-4038-AAC8-53A16FA448B1}.Debug|Any CPU.Build.0 = Debug|Any CPU
		{026C817F-53F2-4038-AAC8-53A16FA448B1}.Release|Any CPU.ActiveCfg = Release|Any CPU
		{026C817F-53F2-4038-AAC8-53A16FA448B1}.Release|Any CPU.Build.0 = Release|Any CPU
		{4226E3C0-C43B-4A02-A6F0-FBD2981622BC}.Debug|Any CPU.ActiveCfg = Debug|Any CPU
		{4226E3C0-C43B-4A02-A6F0-FBD2981622BC}.Debug|Any CPU.Build.0 = Debug|Any CPU
		{4226E3C0-C43B-4A02-A6F0-FBD2981622BC}.Release|Any CPU.ActiveCfg = Release|Any CPU
		{4226E3C0-C43B-4A02-A6F0-FBD2981622BC}.Release|Any CPU.Build.0 = Release|Any CPU
	EndGlobalSection
	GlobalSection(SolutionProperties) = preSolution
		HideSolutionNode = FALSE
	EndGlobalSection
	GlobalSection(ExtensibilityGlobals) = postSolution
		SolutionGuid = {A480BD0E-A5CB-43A2-9B42-A4D2C417DCD7}
	EndGlobalSection
EndGlobal
